version = 1
revision = 1
requires-python = ">=3.10"

[[package]]
name = "ai-project-manager-environment"
version = "1.1.0"
source = { editable = "." }
dependencies = [
  { name = "fastapi", version = "==0.115.0" },
  { name = "uvicorn", extra = ["standard"], version = "==0.30.6" },
  { name = "pydantic", version = "==2.9.2" },
  { name = "requests", version = "==2.32.3" },
  { name = "openai", version = "==1.51.0" },
  { name = "openenv-core", version = ">=0.2.0" },
]
